// !$*UTF8*$!
{
	archiveVersion = 1;
	classes = {
	};
	objectVersion = 56;
	objects = {

/* Begin PBXBuildFile section */
		C820C37F2C085F2000789A2E /* RecipeDetailDTO.swift in Sources */ = {isa = PBXBuildFile; fileRef = C820C3792C085F2000789A2E /* RecipeDetailDTO.swift */; };
		C820C3802C085F2000789A2E /* RecipesDTO.swift in Sources */ = {isa = PBXBuildFile; fileRef = C820C37A2C085F2000789A2E /* RecipesDTO.swift */; };
		C820C3812C085F2000789A2E /* RecipeDetail.swift in Sources */ = {isa = PBXBuildFile; fileRef = C820C37C2C085F2000789A2E /* RecipeDetail.swift */; };
		C820C3822C085F2000789A2E /* ViewModel.swift in Sources */ = {isa = PBXBuildFile; fileRef = C820C37D2C085F2000789A2E /* ViewModel.swift */; };
		C820C3852C085F2800789A2E /* RecipeDetail.json in Resources */ = {isa = PBXBuildFile; fileRef = C820C3832C085F2800789A2E /* RecipeDetail.json */; };
		C8CA840F2C085E78002AF97E /* MealDBPlaygroundApp.swift in Sources */ = {isa = PBXBuildFile; fileRef = C8CA840E2C085E78002AF97E /* MealDBPlaygroundApp.swift */; };
		C8CA84112C085E78002AF97E /* ContentView.swift in Sources */ = {isa = PBXBuildFile; fileRef = C8CA84102C085E78002AF97E /* ContentView.swift */; };
		C8CA84132C085E78002AF97E /* Assets.xcassets in Resources */ = {isa = PBXBuildFile; fileRef = C8CA84122C085E78002AF97E /* Assets.xcassets */; };
		C8CA84162C085E78002AF97E /* Preview Assets.xcassets in Resources */ = {isa = PBXBuildFile; fileRef = C8CA84152C085E78002AF97E /* Preview Assets.xcassets */; };
		C8CA84212C085E78002AF97E /* RecipeDetailDTOTests.swift in Sources */ = {isa = PBXBuildFile; fileRef = C8CA84202C085E78002AF97E /* RecipeDetailDTOTests.swift */; };
/* End PBXBuildFile section */

/* Begin PBXContainerItemProxy section */
		C8CA841D2C085E78002AF97E /* PBXContainerItemProxy */ = {
			isa = PBXContainerItemProxy;
			containerPortal = C8CA84032C085E78002AF97E /* Project object */;
			proxyType = 1;
			remoteGlobalIDString = C8CA840A2C085E78002AF97E;
			remoteInfo = MealDBPlayground;
		};
/* End PBXContainerItemProxy section */

/* Begin PBXFileReference section */
		C820C3782C085EF500789A2E /* MealDBPlayground.xctestplan */ = {isa = PBXFileReference; lastKnownFileType = text; path = MealDBPlayground.xctestplan; sourceTree = "<group>"; };
		C820C3792C085F2000789A2E /* RecipeDetailDTO.swift */ = {isa = PBXFileReference; fileEncoding = 4; lastKnownFileType = sourcecode.swift; path = RecipeDetailDTO.swift; sourceTree = "<group>"; };
		C820C37A2C085F2000789A2E /* RecipesDTO.swift */ = {isa = PBXFileReference; fileEncoding = 4; lastKnownFileType = sourcecode.swift; path = RecipesDTO.swift; sourceTree = "<group>"; };
		C820C37C2C085F2000789A2E /* RecipeDetail.swift */ = {isa = PBXFileReference; fileEncoding = 4; lastKnownFileType = sourcecode.swift; path = RecipeDetail.swift; sourceTree = "<group>"; };
		C820C37D2C085F2000789A2E /* ViewModel.swift */ = {isa = PBXFileReference; fileEncoding = 4; lastKnownFileType = sourcecode.swift; path = ViewModel.swift; sourceTree = "<group>"; };
		C820C3832C085F2800789A2E /* RecipeDetail.json */ = {isa = PBXFileReference; fileEncoding = 4; lastKnownFileType = text.json; path = RecipeDetail.json; sourceTree = "<group>"; };
		C8CA840B2C085E78002AF97E /* MealDBPlayground.app */ = {isa = PBXFileReference; explicitFileType = wrapper.application; includeInIndex = 0; path = MealDBPlayground.app; sourceTree = BUILT_PRODUCTS_DIR; };
		C8CA840E2C085E78002AF97E /* MealDBPlaygroundApp.swift */ = {isa = PBXFileReference; lastKnownFileType = sourcecode.swift; path = MealDBPlaygroundApp.swift; sourceTree = "<group>"; };
		C8CA84102C085E78002AF97E /* ContentView.swift */ = {isa = PBXFileReference; lastKnownFileType = sourcecode.swift; path = ContentView.swift; sourceTree = "<group>"; };
		C8CA84122C085E78002AF97E /* Assets.xcassets */ = {isa = PBXFileReference; lastKnownFileType = folder.assetcatalog; path = Assets.xcassets; sourceTree = "<group>"; };
		C8CA84152C085E78002AF97E /* Preview Assets.xcassets */ = {isa = PBXFileReference; lastKnownFileType = folder.assetcatalog; path = "Preview Assets.xcassets"; sourceTree = "<group>"; };
		C8CA84172C085E78002AF97E /* MealDBPlayground.entitlements */ = {isa = PBXFileReference; lastKnownFileType = text.plist.entitlements; path = MealDBPlayground.entitlements; sourceTree = "<group>"; };
		C8CA841C2C085E78002AF97E /* MealDBPlaygroundTests.xctest */ = {isa = PBXFileReference; explicitFileType = wrapper.cfbundle; includeInIndex = 0; path = MealDBPlaygroundTests.xctest; sourceTree = BUILT_PRODUCTS_DIR; };
		C8CA84202C085E78002AF97E /* RecipeDetailDTOTests.swift */ = {isa = PBXFileReference; lastKnownFileType = sourcecode.swift; path = RecipeDetailDTOTests.swift; sourceTree = "<group>"; };
/* End PBXFileReference section */

/* Begin PBXFrameworksBuildPhase section */
		C8CA84082C085E78002AF97E /* Frameworks */ = {
			isa = PBXFrameworksBuildPhase;
			buildActionMask = 2147483647;
			files = (
			);
			runOnlyForDeploymentPostprocessing = 0;
		};
		C8CA84192C085E78002AF97E /* Frameworks */ = {
			isa = PBXFrameworksBuildPhase;
			buildActionMask = 2147483647;
			files = (
			);
			runOnlyForDeploymentPostprocessing = 0;
		};
/* End PBXFrameworksBuildPhase section */

/* Begin PBXGroup section */
		C820C37B2C085F2000789A2E /* DTOs */ = {
			isa = PBXGroup;
			children = (
				C820C3792C085F2000789A2E /* RecipeDetailDTO.swift */,
				C820C37A2C085F2000789A2E /* RecipesDTO.swift */,
			);
			path = DTOs;
			sourceTree = "<group>";
		};
		C820C37E2C085F2000789A2E /* Models */ = {
			isa = PBXGroup;
			children = (
				C820C37B2C085F2000789A2E /* DTOs */,
				C820C37C2C085F2000789A2E /* RecipeDetail.swift */,
			);
			path = Models;
			sourceTree = "<group>";
		};
		C820C3842C085F2800789A2E /* JSON */ = {
			isa = PBXGroup;
			children = (
				C820C3832C085F2800789A2E /* RecipeDetail.json */,
			);
			path = JSON;
			sourceTree = "<group>";
		};
		C820C3862C085F2E00789A2E /* Required */ = {
			isa = PBXGroup;
			children = (
				C8CA84142C085E78002AF97E /* Preview Content */,
				C8CA840E2C085E78002AF97E /* MealDBPlaygroundApp.swift */,
				C8CA84122C085E78002AF97E /* Assets.xcassets */,
				C8CA84172C085E78002AF97E /* MealDBPlayground.entitlements */,
			);
			name = Required;
			sourceTree = "<group>";
		};
		C8CA84022C085E78002AF97E = {
			isa = PBXGroup;
			children = (
				C8CA840D2C085E78002AF97E /* MealDBPlayground */,
				C8CA841F2C085E78002AF97E /* MealDBPlaygroundTests */,
				C8CA840C2C085E78002AF97E /* Products */,
			);
			sourceTree = "<group>";
		};
		C8CA840C2C085E78002AF97E /* Products */ = {
			isa = PBXGroup;
			children = (
				C8CA840B2C085E78002AF97E /* MealDBPlayground.app */,
				C8CA841C2C085E78002AF97E /* MealDBPlaygroundTests.xctest */,
			);
			name = Products;
			sourceTree = "<group>";
		};
		C8CA840D2C085E78002AF97E /* MealDBPlayground */ = {
			isa = PBXGroup;
			children = (
				C820C37E2C085F2000789A2E /* Models */,
				C8CA84102C085E78002AF97E /* ContentView.swift */,
				C820C37D2C085F2000789A2E /* ViewModel.swift */,
				C820C3842C085F2800789A2E /* JSON */,
				C820C3862C085F2E00789A2E /* Required */,
			);
			path = MealDBPlayground;
			sourceTree = "<group>";
		};
		C8CA84142C085E78002AF97E /* Preview Content */ = {
			isa = PBXGroup;
			children = (
				C8CA84152C085E78002AF97E /* Preview Assets.xcassets */,
			);
			path = "Preview Content";
			sourceTree = "<group>";
		};
		C8CA841F2C085E78002AF97E /* MealDBPlaygroundTests */ = {
			isa = PBXGroup;
			children = (
				C820C3782C085EF500789A2E /* MealDBPlayground.xctestplan */,
				C8CA84202C085E78002AF97E /* RecipeDetailDTOTests.swift */,
			);
			path = MealDBPlaygroundTests;
			sourceTree = "<group>";
		};
/* End PBXGroup section */

/* Begin PBXNativeTarget section */
		C8CA840A2C085E78002AF97E /* MealDBPlayground */ = {
			isa = PBXNativeTarget;
			buildConfigurationList = C8CA84302C085E78002AF97E /* Build configuration list for PBXNativeTarget "MealDBPlayground" */;
			buildPhases = (
				C8CA84072C085E78002AF97E /* Sources */,
				C8CA84082C085E78002AF97E /* Frameworks */,
				C8CA84092C085E78002AF97E /* Resources */,
			);
			buildRules = (
			);
			dependencies = (
			);
			name = MealDBPlayground;
			productName = MealDBPlayground;
			productReference = C8CA840B2C085E78002AF97E /* MealDBPlayground.app */;
			productType = "com.apple.product-type.application";
		};
		C8CA841B2C085E78002AF97E /* MealDBPlaygroundTests */ = {
			isa = PBXNativeTarget;
			buildConfigurationList = C8CA84332C085E78002AF97E /* Build configuration list for PBXNativeTarget "MealDBPlaygroundTests" */;
			buildPhases = (
				C8CA84182C085E78002AF97E /* Sources */,
				C8CA84192C085E78002AF97E /* Frameworks */,
				C8CA841A2C085E78002AF97E /* Resources */,
			);
			buildRules = (
			);
			dependencies = (
				C8CA841E2C085E78002AF97E /* PBXTargetDependency */,
			);
			name = MealDBPlaygroundTests;
			productName = MealDBPlaygroundTests;
			productReference = C8CA841C2C085E78002AF97E /* MealDBPlaygroundTests.xctest */;
			productType = "com.apple.product-type.bundle.unit-test";
		};
/* End PBXNativeTarget section */

/* Begin PBXProject section */
		C8CA84032C085E78002AF97E /* Project object */ = {
			isa = PBXProject;
			attributes = {
				BuildIndependentTargetsInParallel = 1;
				LastSwiftUpdateCheck = 1540;
				LastUpgradeCheck = 1540;
				TargetAttributes = {
					C8CA840A2C085E78002AF97E = {
						CreatedOnToolsVersion = 15.4;
					};
					C8CA841B2C085E78002AF97E = {
						CreatedOnToolsVersion = 15.4;
						TestTargetID = C8CA840A2C085E78002AF97E;
					};
				};
			};
			buildConfigurationList = C8CA84062C085E78002AF97E /* Build configuration list for PBXProject "MealDBPlayground" */;
			compatibilityVersion = "Xcode 14.0";
			developmentRegion = en;
			hasScannedForEncodings = 0;
			knownRegions = (
				en,
				Base,
			);
			mainGroup = C8CA84022C085E78002AF97E;
			productRefGroup = C8CA840C2C085E78002AF97E /* Products */;
			projectDirPath = "";
			projectRoot = "";
			targets = (
				C8CA840A2C085E78002AF97E /* MealDBPlayground */,
				C8CA841B2C085E78002AF97E /* MealDBPlaygroundTests */,
			);
		};
/* End PBXProject section */

/* Begin PBXResourcesBuildPhase section */
		C8CA84092C085E78002AF97E /* Resources */ = {
			isa = PBXResourcesBuildPhase;
			buildActionMask = 2147483647;
			files = (
				C8CA84162C085E78002AF97E /* Preview Assets.xcassets in Resources */,
				C820C3852C085F2800789A2E /* RecipeDetail.json in Resources */,
				C8CA84132C085E78002AF97E /* Assets.xcassets in Resources */,
			);
			runOnlyForDeploymentPostprocessing = 0;
		};
		C8CA841A2C085E78002AF97E /* Resources */ = {
			isa = PBXResourcesBuildPhase;
			buildActionMask = 2147483647;
			files = (
			);
			runOnlyForDeploymentPostprocessing = 0;
		};
/* End PBXResourcesBuildPhase section */

/* Begin PBXSourcesBuildPhase section */
		C8CA84072C085E78002AF97E /* Sources */ = {
			isa = PBXSourcesBuildPhase;
			buildActionMask = 2147483647;
			files = (
				C8CA84112C085E78002AF97E /* ContentView.swift in Sources */,
				C820C3802C085F2000789A2E /* RecipesDTO.swift in Sources */,
				C820C3812C085F2000789A2E /* RecipeDetail.swift in Sources */,
				C8CA840F2C085E78002AF97E /* MealDBPlaygroundApp.swift in Sources */,
				C820C3822C085F2000789A2E /* ViewModel.swift in Sources */,
				C820C37F2C085F2000789A2E /* RecipeDetailDTO.swift in Sources */,
			);
			runOnlyForDeploymentPostprocessing = 0;
		};
		C8CA84182C085E78002AF97E /* Sources */ = {
			isa = PBXSourcesBuildPhase;
			buildActionMask = 2147483647;
			files = (
				C8CA84212C085E78002AF97E /* RecipeDetailDTOTests.swift in Sources */,
			);
			runOnlyForDeploymentPostprocessing = 0;
		};
/* End PBXSourcesBuildPhase section */

/* Begin PBXTargetDependency section */
		C8CA841E2C085E78002AF97E /* PBXTargetDependency */ = {
			isa = PBXTargetDependency;
			target = C8CA840A2C085E78002AF97E /* MealDBPlayground */;
			targetProxy = C8CA841D2C085E78002AF97E /* PBXContainerItemProxy */;
		};
/* End PBXTargetDependency section */

/* Begin XCBuildConfiguration section */
		C8CA842E2C085E78002AF97E /* Debug */ = {
			isa = XCBuildConfiguration;
			buildSettings = {
				ALWAYS_SEARCH_USER_PATHS = NO;
				ASSETCATALOG_COMPILER_GENERATE_SWIFT_ASSET_SYMBOL_EXTENSIONS = YES;
				CLANG_ANALYZER_NONNULL = YES;
				CLANG_ANALYZER_NUMBER_OBJECT_CONVERSION = YES_AGGRESSIVE;
				CLANG_CXX_LANGUAGE_STANDARD = "gnu++20";
				CLANG_ENABLE_MODULES = YES;
				CLANG_ENABLE_OBJC_ARC = YES;
				CLANG_ENABLE_OBJC_WEAK = YES;
				CLANG_WARN_BLOCK_CAPTURE_AUTORELEASING = YES;
				CLANG_WARN_BOOL_CONVERSION = YES;
				CLANG_WARN_COMMA = YES;
				CLANG_WARN_CONSTANT_CONVERSION = YES;
				CLANG_WARN_DEPRECATED_OBJC_IMPLEMENTATIONS = YES;
				CLANG_WARN_DIRECT_OBJC_ISA_USAGE = YES_ERROR;
				CLANG_WARN_DOCUMENTATION_COMMENTS = YES;
				CLANG_WARN_EMPTY_BODY = YES;
				CLANG_WARN_ENUM_CONVERSION = YES;
				CLANG_WARN_INFINITE_RECURSION = YES;
				CLANG_WARN_INT_CONVERSION = YES;
				CLANG_WARN_NON_LITERAL_NULL_CONVERSION = YES;
				CLANG_WARN_OBJC_IMPLICIT_RETAIN_SELF = YES;
				CLANG_WARN_OBJC_LITERAL_CONVERSION = YES;
				CLANG_WARN_OBJC_ROOT_CLASS = YES_ERROR;
				CLANG_WARN_QUOTED_INCLUDE_IN_FRAMEWORK_HEADER = YES;
				CLANG_WARN_RANGE_LOOP_ANALYSIS = YES;
				CLANG_WARN_STRICT_PROTOTYPES = YES;
				CLANG_WARN_SUSPICIOUS_MOVE = YES;
				CLANG_WARN_UNGUARDED_AVAILABILITY = YES_AGGRESSIVE;
				CLANG_WARN_UNREACHABLE_CODE = YES;
				CLANG_WARN__DUPLICATE_METHOD_MATCH = YES;
				COPY_PHASE_STRIP = NO;
				DEBUG_INFORMATION_FORMAT = dwarf;
				ENABLE_STRICT_OBJC_MSGSEND = YES;
				ENABLE_TESTABILITY = YES;
				ENABLE_USER_SCRIPT_SANDBOXING = YES;
				GCC_C_LANGUAGE_STANDARD = gnu17;
				GCC_DYNAMIC_NO_PIC = NO;
				GCC_NO_COMMON_BLOCKS = YES;
				GCC_OPTIMIZATION_LEVEL = 0;
				GCC_PREPROCESSOR_DEFINITIONS = (
					"DEBUG=1",
					"$(inherited)",
				);
				GCC_WARN_64_TO_32_BIT_CONVERSION = YES;
				GCC_WARN_ABOUT_RETURN_TYPE = YES_ERROR;
				GCC_WARN_UNDECLARED_SELECTOR = YES;
				GCC_WARN_UNINITIALIZED_AUTOS = YES_AGGRESSIVE;
				GCC_WARN_UNUSED_FUNCTION = YES;
				GCC_WARN_UNUSED_VARIABLE = YES;
				LOCALIZATION_PREFERS_STRING_CATALOGS = YES;
				MACOSX_DEPLOYMENT_TARGET = 14.5;
				MTL_ENABLE_DEBUG_INFO = INCLUDE_SOURCE;
				MTL_FAST_MATH = YES;
				ONLY_ACTIVE_ARCH = YES;
				SDKROOT = macosx;
				SWIFT_ACTIVE_COMPILATION_CONDITIONS = "DEBUG $(inherited)";
				SWIFT_OPTIMIZATION_LEVEL = "-Onone";
			};
			name = Debug;
		};
		C8CA842F2C085E78002AF97E /* Release */ = {
			isa = XCBuildConfiguration;
			buildSettings = {
				ALWAYS_SEARCH_USER_PATHS = NO;
				ASSETCATALOG_COMPILER_GENERATE_SWIFT_ASSET_SYMBOL_EXTENSIONS = YES;
				CLANG_ANALYZER_NONNULL = YES;
				CLANG_ANALYZER_NUMBER_OBJECT_CONVERSION = YES_AGGRESSIVE;
				CLANG_CXX_LANGUAGE_STANDARD = "gnu++20";
				CLANG_ENABLE_MODULES = YES;
				CLANG_ENABLE_OBJC_ARC = YES;
				CLANG_ENABLE_OBJC_WEAK = YES;
				CLANG_WARN_BLOCK_CAPTURE_AUTORELEASING = YES;
				CLANG_WARN_BOOL_CONVERSION = YES;
				CLANG_WARN_COMMA = YES;
				CLANG_WARN_CONSTANT_CONVERSION = YES;
				CLANG_WARN_DEPRECATED_OBJC_IMPLEMENTATIONS = YES;
				CLANG_WARN_DIRECT_OBJC_ISA_USAGE = YES_ERROR;
				CLANG_WARN_DOCUMENTATION_COMMENTS = YES;
				CLANG_WARN_EMPTY_BODY = YES;
				CLANG_WARN_ENUM_CONVERSION = YES;
				CLANG_WARN_INFINITE_RECURSION = YES;
				CLANG_WARN_INT_CONVERSION = YES;
				CLANG_WARN_NON_LITERAL_NULL_CONVERSION = YES;
				CLANG_WARN_OBJC_IMPLICIT_RETAIN_SELF = YES;
				CLANG_WARN_OBJC_LITERAL_CONVERSION = YES;
				CLANG_WARN_OBJC_ROOT_CLASS = YES_ERROR;
				CLANG_WARN_QUOTED_INCLUDE_IN_FRAMEWORK_HEADER = YES;
				CLANG_WARN_RANGE_LOOP_ANALYSIS = YES;
				CLANG_WARN_STRICT_PROTOTYPES = YES;
				CLANG_WARN_SUSPICIOUS_MOVE = YES;
				CLANG_WARN_UNGUARDED_AVAILABILITY = YES_AGGRESSIVE;
				CLANG_WARN_UNREACHABLE_CODE = YES;
				CLANG_WARN__DUPLICATE_METHOD_MATCH = YES;
				COPY_PHASE_STRIP = NO;
				DEBUG_INFORMATION_FORMAT = "dwarf-with-dsym";
				ENABLE_NS_ASSERTIONS = NO;
				ENABLE_STRICT_OBJC_MSGSEND = YES;
				ENABLE_USER_SCRIPT_SANDBOXING = YES;
				GCC_C_LANGUAGE_STANDARD = gnu17;
				GCC_NO_COMMON_BLOCKS = YES;
				GCC_WARN_64_TO_32_BIT_CONVERSION = YES;
				GCC_WARN_ABOUT_RETURN_TYPE = YES_ERROR;
				GCC_WARN_UNDECLARED_SELECTOR = YES;
				GCC_WARN_UNINITIALIZED_AUTOS = YES_AGGRESSIVE;
				GCC_WARN_UNUSED_FUNCTION = YES;
				GCC_WARN_UNUSED_VARIABLE = YES;
				LOCALIZATION_PREFERS_STRING_CATALOGS = YES;
				MACOSX_DEPLOYMENT_TARGET = 14.5;
				MTL_ENABLE_DEBUG_INFO = NO;
				MTL_FAST_MATH = YES;
				SDKROOT = macosx;
				SWIFT_COMPILATION_MODE = wholemodule;
			};
			name = Release;
		};
		C8CA84312C085E78002AF97E /* Debug */ = {
			isa = XCBuildConfiguration;
			buildSettings = {
				ASSETCATALOG_COMPILER_APPICON_NAME = AppIcon;
				ASSETCATALOG_COMPILER_GLOBAL_ACCENT_COLOR_NAME = AccentColor;
				CODE_SIGN_ENTITLEMENTS = MealDBPlayground/MealDBPlayground.entitlements;
				CODE_SIGN_STYLE = Automatic;
				COMBINE_HIDPI_IMAGES = YES;
				CURRENT_PROJECT_VERSION = 1;
				DEVELOPMENT_ASSET_PATHS = "\"MealDBPlayground/Preview Content\"";
				DEVELOPMENT_TEAM = 6PJ2FAZ4V9;
				ENABLE_HARDENED_RUNTIME = YES;
				ENABLE_PREVIEWS = YES;
				GENERATE_INFOPLIST_FILE = YES;
				INFOPLIST_KEY_NSHumanReadableCopyright = "";
				LD_RUNPATH_SEARCH_PATHS = (
					"$(inherited)",
					"@executable_path/../Frameworks",
				);
				MARKETING_VERSION = 1.0;
				PRODUCT_BUNDLE_IDENTIFIER = com.random.MealDBPlayground;
				PRODUCT_NAME = "$(TARGET_NAME)";
				SWIFT_EMIT_LOC_STRINGS = YES;
				SWIFT_VERSION = 5.0;
			};
			name = Debug;
		};
		C8CA84322C085E78002AF97E /* Release */ = {
			isa = XCBuildConfiguration;
			buildSettings = {
				ASSETCATALOG_COMPILER_APPICON_NAME = AppIcon;
				ASSETCATALOG_COMPILER_GLOBAL_ACCENT_COLOR_NAME = AccentColor;
				CODE_SIGN_ENTITLEMENTS = MealDBPlayground/MealDBPlayground.entitlements;
				CODE_SIGN_STYLE = Automatic;
				COMBINE_HIDPI_IMAGES = YES;
				CURRENT_PROJECT_VERSION = 1;
				DEVELOPMENT_ASSET_PATHS = "\"MealDBPlayground/Preview Content\"";
				DEVELOPMENT_TEAM = 6PJ2FAZ4V9;
				ENABLE_HARDENED_RUNTIME = YES;
				ENABLE_PREVIEWS = YES;
				GENERATE_INFOPLIST_FILE = YES;
				INFOPLIST_KEY_NSHumanReadableCopyright = "";
				LD_RUNPATH_SEARCH_PATHS = (
					"$(inherited)",
					"@executable_path/../Frameworks",
				);
				MARKETING_VERSION = 1.0;
				PRODUCT_BUNDLE_IDENTIFIER = com.random.MealDBPlayground;
				PRODUCT_NAME = "$(TARGET_NAME)";
				SWIFT_EMIT_LOC_STRINGS = YES;
				SWIFT_VERSION = 5.0;
			};
			name = Release;
		};
		C8CA84342C085E78002AF97E /* Debug */ = {
			isa = XCBuildConfiguration;
			buildSettings = {
				ALWAYS_EMBED_SWIFT_STANDARD_LIBRARIES = YES;
				BUNDLE_LOADER = "$(TEST_HOST)";
				CODE_SIGN_STYLE = Automatic;
				CURRENT_PROJECT_VERSION = 1;
				DEVELOPMENT_TEAM = 6PJ2FAZ4V9;
				GENERATE_INFOPLIST_FILE = YES;
				MACOSX_DEPLOYMENT_TARGET = 14.5;
				MARKETING_VERSION = 1.0;
				PRODUCT_BUNDLE_IDENTIFIER = com.random.MealDBPlaygroundTests;
				PRODUCT_NAME = "$(TARGET_NAME)";
				SWIFT_EMIT_LOC_STRINGS = NO;
				SWIFT_VERSION = 5.0;
				TEST_HOST = "$(BUILT_PRODUCTS_DIR)/MealDBPlayground.app/$(BUNDLE_EXECUTABLE_FOLDER_PATH)/MealDBPlayground";
			};
			name = Debug;
		};
		C8CA84352C085E78002AF97E /* Release */ = {
			isa = XCBuildConfiguration;
			buildSettings = {
				ALWAYS_EMBED_SWIFT_STANDARD_LIBRARIES = YES;
				BUNDLE_LOADER = "$(TEST_HOST)";
				CODE_SIGN_STYLE = Automatic;
				CURRENT_PROJECT_VERSION = 1;
				DEVELOPMENT_TEAM = 6PJ2FAZ4V9;
				GENERATE_INFOPLIST_FILE = YES;
				MACOSX_DEPLOYMENT_TARGET = 14.5;
				MARKETING_VERSION = 1.0;
				PRODUCT_BUNDLE_IDENTIFIER = com.random.MealDBPlaygroundTests;
				PRODUCT_NAME = "$(TARGET_NAME)";
				SWIFT_EMIT_LOC_STRINGS = NO;
				SWIFT_VERSION = 5.0;
				TEST_HOST = "$(BUILT_PRODUCTS_DIR)/MealDBPlayground.app/$(BUNDLE_EXECUTABLE_FOLDER_PATH)/MealDBPlayground";
			};
			name = Release;
		};
/* End XCBuildConfiguration section */

/* Begin XCConfigurationList section */
		C8CA84062C085E78002AF97E /* Build configuration list for PBXProject "MealDBPlayground" */ = {
			isa = XCConfigurationList;
			buildConfigurations = (
				C8CA842E2C085E78002AF97E /* Debug */,
				C8CA842F2C085E78002AF97E /* Release */,
			);
			defaultConfigurationIsVisible = 0;
			defaultConfigurationName = Release;
		};
		C8CA84302C085E78002AF97E /* Build configuration list for PBXNativeTarget "MealDBPlayground" */ = {
			isa = XCConfigurationList;
			buildConfigurations = (
				C8CA84312C085E78002AF97E /* Debug */,
				C8CA84322C085E78002AF97E /* Release */,
			);
			defaultConfigurationIsVisible = 0;
			defaultConfigurationName = Release;
		};
		C8CA84332C085E78002AF97E /* Build configuration list for PBXNativeTarget "MealDBPlaygroundTests" */ = {
			isa = XCConfigurationList;
			buildConfigurations = (
				C8CA84342C085E78002AF97E /* Debug */,
				C8CA84352C085E78002AF97E /* Release */,
			);
			defaultConfigurationIsVisible = 0;
			defaultConfigurationName = Release;
		};
/* End XCConfigurationList section */
	};
	rootObject = C8CA84032C085E78002AF97E /* Project object */;
}
